// !$*UTF8*$!
{
	archiveVersion = 1;
	classes = {
	};
	objectVersion = 46;
	objects = {

/* Begin PBXBuildFile section */
		650D29F118F5D48B00137FBC /* ibmorumbi.jpg in Resources */ = {isa = PBXBuildFile; fileRef = 650D29F018F5D48B00137FBC /* ibmorumbi.jpg */; };
		655159CB18E4E8760086CCF7 /* BoletimViewController.m in Sources */ = {isa = PBXBuildFile; fileRef = 655159CA18E4E8760086CCF7 /* BoletimViewController.m */; };
		655159CD18E4F41B0086CCF7 /* icon_pdf.png in Resources */ = {isa = PBXBuildFile; fileRef = 655159CC18E4F41B0086CCF7 /* icon_pdf.png */; };
		6552135918E3458100924CB0 /* MessageTableViewController.m in Sources */ = {isa = PBXBuildFile; fileRef = 6552135818E3458100924CB0 /* MessageTableViewController.m */; };
		6552135F18E345D100924CB0 /* MessageVideoPlayerViewController.m in Sources */ = {isa = PBXBuildFile; fileRef = 6552135E18E345D100924CB0 /* MessageVideoPlayerViewController.m */; };
		6552136518E346C400924CB0 /* MessageAudioPlayerViewController.m in Sources */ = {isa = PBXBuildFile; fileRef = 6552136418E346C400924CB0 /* MessageAudioPlayerViewController.m */; };
		6552136718E35D3000924CB0 /* message_logo.gif in Resources */ = {isa = PBXBuildFile; fileRef = 6552136618E35D3000924CB0 /* message_logo.gif */; };
		6552136E18E3725000924CB0 /* bck_topo.gif in Resources */ = {isa = PBXBuildFile; fileRef = 6552136D18E3725000924CB0 /* bck_topo.gif */; };
		6568BA0B18E8616700C216C2 /* facebook.png in Resources */ = {isa = PBXBuildFile; fileRef = 6568BA0A18E8616700C216C2 /* facebook.png */; };
		6568BA0D18E8655A00C216C2 /* twitter.png in Resources */ = {isa = PBXBuildFile; fileRef = 6568BA0C18E8655A00C216C2 /* twitter.png */; };
		6587B94418E74BE600F04FB4 /* AboutViewController.m in Sources */ = {isa = PBXBuildFile; fileRef = 6587B94318E74BE600F04FB4 /* AboutViewController.m */; };
		659388A7190C158400CD4D1D /* libGoogleAnalyticsServices.a in Frameworks */ = {isa = PBXBuildFile; fileRef = 659388A6190C158400CD4D1D /* libGoogleAnalyticsServices.a */; };
		659388B0190C162100CD4D1D /* AdSupport.framework in Frameworks */ = {isa = PBXBuildFile; fileRef = 659388AF190C162100CD4D1D /* AdSupport.framework */; };
		659388B2190C162D00CD4D1D /* CoreData.framework in Frameworks */ = {isa = PBXBuildFile; fileRef = 659388B1190C162D00CD4D1D /* CoreData.framework */; };
		659388B4190C163A00CD4D1D /* SystemConfiguration.framework in Frameworks */ = {isa = PBXBuildFile; fileRef = 659388B3190C163A00CD4D1D /* SystemConfiguration.framework */; };
		659388B6190C164600CD4D1D /* libz.dylib in Frameworks */ = {isa = PBXBuildFile; fileRef = 659388B5190C164600CD4D1D /* libz.dylib */; };
		6598499018EE01FB00C89A86 /* mystery-man.jpg in Resources */ = {isa = PBXBuildFile; fileRef = 6598498F18EE01FB00C89A86 /* mystery-man.jpg */; };
		659D28E318D7B48F001DADB7 /* Localizable.strings in Resources */ = {isa = PBXBuildFile; fileRef = 659D28E518D7B48F001DADB7 /* Localizable.strings */; };
		659D28EA18D7B7EC001DADB7 /* logo_IBMorumbi_iPad.png in Resources */ = {isa = PBXBuildFile; fileRef = 659D28E818D7B7EC001DADB7 /* logo_IBMorumbi_iPad.png */; };
		659D28EB18D7B7EC001DADB7 /* logo_IBMorumbi_iPhone.png in Resources */ = {isa = PBXBuildFile; fileRef = 659D28E918D7B7EC001DADB7 /* logo_IBMorumbi_iPhone.png */; };
		659D28ED18D7C5C9001DADB7 /* preview_morumbiplus_470.jpg in Resources */ = {isa = PBXBuildFile; fileRef = 659D28EC18D7C5C9001DADB7 /* preview_morumbiplus_470.jpg */; };
		65AB7E5718D787E8007FF707 /* Foundation.framework in Frameworks */ = {isa = PBXBuildFile; fileRef = 65AB7E5618D787E8007FF707 /* Foundation.framework */; };
		65AB7E5918D787E8007FF707 /* CoreGraphics.framework in Frameworks */ = {isa = PBXBuildFile; fileRef = 65AB7E5818D787E8007FF707 /* CoreGraphics.framework */; };
		65AB7E5B18D787E8007FF707 /* UIKit.framework in Frameworks */ = {isa = PBXBuildFile; fileRef = 65AB7E5A18D787E8007FF707 /* UIKit.framework */; };
		65AB7E6318D787E8007FF707 /* main.m in Sources */ = {isa = PBXBuildFile; fileRef = 65AB7E6218D787E8007FF707 /* main.m */; };
		65AB7E6718D787E9007FF707 /* AppDelegate.m in Sources */ = {isa = PBXBuildFile; fileRef = 65AB7E6618D787E9007FF707 /* AppDelegate.m */; };
		65AB7E6A18D787E9007FF707 /* Main_iPhone.storyboard in Resources */ = {isa = PBXBuildFile; fileRef = 65AB7E6818D787E9007FF707 /* Main_iPhone.storyboard */; };
		65AB7E6D18D787E9007FF707 /* Main_iPad.storyboard in Resources */ = {isa = PBXBuildFile; fileRef = 65AB7E6B18D787E9007FF707 /* Main_iPad.storyboard */; };
		65AB7E7218D787E9007FF707 /* Images.xcassets in Resources */ = {isa = PBXBuildFile; fileRef = 65AB7E7118D787E9007FF707 /* Images.xcassets */; };
		65AB7E7918D787E9007FF707 /* XCTest.framework in Frameworks */ = {isa = PBXBuildFile; fileRef = 65AB7E7818D787E9007FF707 /* XCTest.framework */; };
		65AB7E7A18D787E9007FF707 /* Foundation.framework in Frameworks */ = {isa = PBXBuildFile; fileRef = 65AB7E5618D787E8007FF707 /* Foundation.framework */; };
		65AB7E7B18D787E9007FF707 /* UIKit.framework in Frameworks */ = {isa = PBXBuildFile; fileRef = 65AB7E5A18D787E8007FF707 /* UIKit.framework */; };
		65AB7E8518D787E9007FF707 /* IBMorumbiTests.m in Sources */ = {isa = PBXBuildFile; fileRef = 65AB7E8418D787E9007FF707 /* IBMorumbiTests.m */; };
		65AB7E8F18D78823007FF707 /* MapKit.framework in Frameworks */ = {isa = PBXBuildFile; fileRef = 65AB7E8E18D78823007FF707 /* MapKit.framework */; };
		65AB7E9118D7882A007FF707 /* CoreLocation.framework in Frameworks */ = {isa = PBXBuildFile; fileRef = 65AB7E9018D7882A007FF707 /* CoreLocation.framework */; };
		65AB7E9418D789A2007FF707 /* MapViewController.m in Sources */ = {isa = PBXBuildFile; fileRef = 65AB7E9318D789A2007FF707 /* MapViewController.m */; };
		65BA4D2518E4CB16006AD658 /* MediaPlayer.framework in Frameworks */ = {isa = PBXBuildFile; fileRef = 659D28F118D7C905001DADB7 /* MediaPlayer.framework */; };
		65BA4D2F18E4D553006AD658 /* andre_fontana.jpg in Resources */ = {isa = PBXBuildFile; fileRef = 65BA4D2718E4D553006AD658 /* andre_fontana.jpg */; };
		65BA4D3018E4D553006AD658 /* claudio_duarte.jpg in Resources */ = {isa = PBXBuildFile; fileRef = 65BA4D2818E4D553006AD658 /* claudio_duarte.jpg */; };
		65BA4D3118E4D553006AD658 /* Gilberto_Lisboa.jpg in Resources */ = {isa = PBXBuildFile; fileRef = 65BA4D2918E4D553006AD658 /* Gilberto_Lisboa.jpg */; };
		65BA4D3218E4D553006AD658 /* isaque_s.jpg in Resources */ = {isa = PBXBuildFile; fileRef = 65BA4D2A18E4D553006AD658 /* isaque_s.jpg */; };
		65BA4D3318E4D553006AD658 /* l_perruci.jpg in Resources */ = {isa = PBXBuildFile; fileRef = 65BA4D2B18E4D553006AD658 /* l_perruci.jpg */; };
		65BA4D3418E4D553006AD658 /* pastor_lisanias.jpg in Resources */ = {isa = PBXBuildFile; fileRef = 65BA4D2C18E4D553006AD658 /* pastor_lisanias.jpg */; };
		65BA4D3518E4D553006AD658 /* pastor_rivanildo.jpg in Resources */ = {isa = PBXBuildFile; fileRef = 65BA4D2D18E4D553006AD658 /* pastor_rivanildo.jpg */; };
		65BA4D3618E4D553006AD658 /* samuel_mendes.jpg in Resources */ = {isa = PBXBuildFile; fileRef = 65BA4D2E18E4D553006AD658 /* samuel_mendes.jpg */; };
		65D3D2CF18E2592900B87698 /* preview_mensagens_470.jpg in Resources */ = {isa = PBXBuildFile; fileRef = 65D3D2CE18E2592900B87698 /* preview_mensagens_470.jpg */; };
		65DD692018E38169007E3D80 /* img_serie.jpg in Resources */ = {isa = PBXBuildFile; fileRef = 65DD691F18E38169007E3D80 /* img_serie.jpg */; };
		65DD692818E387E2007E3D80 /* pause.png in Resources */ = {isa = PBXBuildFile; fileRef = 65DD692318E387E2007E3D80 /* pause.png */; };
		65DD692918E387E2007E3D80 /* play.png in Resources */ = {isa = PBXBuildFile; fileRef = 65DD692418E387E2007E3D80 /* play.png */; };
		65DD692A18E387E2007E3D80 /* proximo.png in Resources */ = {isa = PBXBuildFile; fileRef = 65DD692518E387E2007E3D80 /* proximo.png */; };
		65DD692B18E387E2007E3D80 /* stop.png in Resources */ = {isa = PBXBuildFile; fileRef = 65DD692618E387E2007E3D80 /* stop.png */; };
		65DD692C18E387E2007E3D80 /* voltar.png in Resources */ = {isa = PBXBuildFile; fileRef = 65DD692718E387E2007E3D80 /* voltar.png */; };
		65DD692E18E3A80E007E3D80 /* AVFoundation.framework in Frameworks */ = {isa = PBXBuildFile; fileRef = 65DD692D18E3A80E007E3D80 /* AVFoundation.framework */; };
		65DD693318E3C470007E3D80 /* WebViewController.m in Sources */ = {isa = PBXBuildFile; fileRef = 65DD693218E3C470007E3D80 /* WebViewController.m */; };
/* End PBXBuildFile section */

/* Begin PBXContainerItemProxy section */
		65AB7E7C18D787E9007FF707 /* PBXContainerItemProxy */ = {
			isa = PBXContainerItemProxy;
			containerPortal = 65AB7E4B18D787E8007FF707 /* Project object */;
			proxyType = 1;
			remoteGlobalIDString = 65AB7E5218D787E8007FF707;
			remoteInfo = IBMorumbi;
		};
/* End PBXContainerItemProxy section */

/* Begin PBXFileReference section */
		650D29F018F5D48B00137FBC /* ibmorumbi.jpg */ = {isa = PBXFileReference; lastKnownFileType = image.jpeg; path = ibmorumbi.jpg; sourceTree = "<group>"; };
		655159C918E4E8760086CCF7 /* BoletimViewController.h */ = {isa = PBXFileReference; fileEncoding = 4; lastKnownFileType = sourcecode.c.h; path = BoletimViewController.h; sourceTree = "<group>"; };
		655159CA18E4E8760086CCF7 /* BoletimViewController.m */ = {isa = PBXFileReference; fileEncoding = 4; lastKnownFileType = sourcecode.c.objc; path = BoletimViewController.m; sourceTree = "<group>"; };
		655159CC18E4F41B0086CCF7 /* icon_pdf.png */ = {isa = PBXFileReference; lastKnownFileType = image.png; path = icon_pdf.png; sourceTree = "<group>"; };
		6552135718E3458100924CB0 /* MessageTableViewController.h */ = {isa = PBXFileReference; fileEncoding = 4; lastKnownFileType = sourcecode.c.h; path = MessageTableViewController.h; sourceTree = "<group>"; };
		6552135818E3458100924CB0 /* MessageTableViewController.m */ = {isa = PBXFileReference; fileEncoding = 4; lastKnownFileType = sourcecode.c.objc; path = MessageTableViewController.m; sourceTree = "<group>"; };
		6552135D18E345D100924CB0 /* MessageVideoPlayerViewController.h */ = {isa = PBXFileReference; fileEncoding = 4; lastKnownFileType = sourcecode.c.h; path = MessageVideoPlayerViewController.h; sourceTree = "<group>"; };
		6552135E18E345D100924CB0 /* MessageVideoPlayerViewController.m */ = {isa = PBXFileReference; fileEncoding = 4; lastKnownFileType = sourcecode.c.objc; path = MessageVideoPlayerViewController.m; sourceTree = "<group>"; };
		6552136318E346C400924CB0 /* MessageAudioPlayerViewController.h */ = {isa = PBXFileReference; fileEncoding = 4; lastKnownFileType = sourcecode.c.h; path = MessageAudioPlayerViewController.h; sourceTree = "<group>"; };
		6552136418E346C400924CB0 /* MessageAudioPlayerViewController.m */ = {isa = PBXFileReference; fileEncoding = 4; lastKnownFileType = sourcecode.c.objc; path = MessageAudioPlayerViewController.m; sourceTree = "<group>"; };
		6552136618E35D3000924CB0 /* message_logo.gif */ = {isa = PBXFileReference; lastKnownFileType = image.gif; path = message_logo.gif; sourceTree = "<group>"; };
		6552136D18E3725000924CB0 /* bck_topo.gif */ = {isa = PBXFileReference; lastKnownFileType = image.gif; path = bck_topo.gif; sourceTree = "<group>"; };
		6568BA0A18E8616700C216C2 /* facebook.png */ = {isa = PBXFileReference; lastKnownFileType = image.png; path = facebook.png; sourceTree = "<group>"; };
		6568BA0C18E8655A00C216C2 /* twitter.png */ = {isa = PBXFileReference; lastKnownFileType = image.png; path = twitter.png; sourceTree = "<group>"; };
		6570432A190C1DF4003C8FF7 /* en */ = {isa = PBXFileReference; lastKnownFileType = text.plist.strings; name = en; path = en.lproj/Main_iPhone.strings; sourceTree = "<group>"; };
		6570432B190C1DF4003C8FF7 /* en */ = {isa = PBXFileReference; lastKnownFileType = text.plist.strings; name = en; path = en.lproj/Main_iPad.strings; sourceTree = "<group>"; };
		6570432C190C1DF4003C8FF7 /* en */ = {isa = PBXFileReference; lastKnownFileType = text.plist.strings; name = en; path = en.lproj/Localizable.strings; sourceTree = "<group>"; };
		6570432D190C2B2B003C8FF7 /* pt-BR */ = {isa = PBXFileReference; lastKnownFileType = text.plist.strings; name = "pt-BR"; path = "pt-BR.lproj/Main_iPhone.strings"; sourceTree = "<group>"; };
		6570432E190C2B2B003C8FF7 /* pt-BR */ = {isa = PBXFileReference; lastKnownFileType = text.plist.strings; name = "pt-BR"; path = "pt-BR.lproj/Main_iPad.strings"; sourceTree = "<group>"; };
		6570432F190C2B2B003C8FF7 /* pt-BR */ = {isa = PBXFileReference; lastKnownFileType = text.plist.strings; name = "pt-BR"; path = "pt-BR.lproj/Localizable.strings"; sourceTree = "<group>"; };
		65704330190C2B71003C8FF7 /* pt */ = {isa = PBXFileReference; lastKnownFileType = text.plist.strings; name = pt; path = pt.lproj/Main_iPhone.strings; sourceTree = "<group>"; };
		65704331190C2B71003C8FF7 /* pt */ = {isa = PBXFileReference; lastKnownFileType = text.plist.strings; name = pt; path = pt.lproj/Main_iPad.strings; sourceTree = "<group>"; };
		65704332190C2B71003C8FF7 /* pt */ = {isa = PBXFileReference; lastKnownFileType = text.plist.strings; name = pt; path = pt.lproj/Localizable.strings; sourceTree = "<group>"; };
		6587B94218E74BE600F04FB4 /* AboutViewController.h */ = {isa = PBXFileReference; fileEncoding = 4; lastKnownFileType = sourcecode.c.h; path = AboutViewController.h; sourceTree = "<group>"; };
		6587B94318E74BE600F04FB4 /* AboutViewController.m */ = {isa = PBXFileReference; fileEncoding = 4; lastKnownFileType = sourcecode.c.objc; path = AboutViewController.m; sourceTree = "<group>"; };
		659388A6190C158400CD4D1D /* libGoogleAnalyticsServices.a */ = {isa = PBXFileReference; lastKnownFileType = archive.ar; path = libGoogleAnalyticsServices.a; sourceTree = "<group>"; };
		659388A8190C15CC00CD4D1D /* GAI.h */ = {isa = PBXFileReference; fileEncoding = 4; lastKnownFileType = sourcecode.c.h; path = GAI.h; sourceTree = "<group>"; };
		659388A9190C15CC00CD4D1D /* GAIDictionaryBuilder.h */ = {isa = PBXFileReference; fileEncoding = 4; lastKnownFileType = sourcecode.c.h; path = GAIDictionaryBuilder.h; sourceTree = "<group>"; };
		659388AA190C15CC00CD4D1D /* GAIFields.h */ = {isa = PBXFileReference; fileEncoding = 4; lastKnownFileType = sourcecode.c.h; path = GAIFields.h; sourceTree = "<group>"; };
		659388AB190C15CC00CD4D1D /* GAILogger.h */ = {isa = PBXFileReference; fileEncoding = 4; lastKnownFileType = sourcecode.c.h; path = GAILogger.h; sourceTree = "<group>"; };
		659388AC190C15CC00CD4D1D /* GAITrackedViewController.h */ = {isa = PBXFileReference; fileEncoding = 4; lastKnownFileType = sourcecode.c.h; path = GAITrackedViewController.h; sourceTree = "<group>"; };
		659388AD190C15CC00CD4D1D /* GAITracker.h */ = {isa = PBXFileReference; fileEncoding = 4; lastKnownFileType = sourcecode.c.h; path = GAITracker.h; sourceTree = "<group>"; };
		659388AF190C162100CD4D1D /* AdSupport.framework */ = {isa = PBXFileReference; lastKnownFileType = wrapper.framework; name = AdSupport.framework; path = System/Library/Frameworks/AdSupport.framework; sourceTree = SDKROOT; };
		659388B1190C162D00CD4D1D /* CoreData.framework */ = {isa = PBXFileReference; lastKnownFileType = wrapper.framework; name = CoreData.framework; path = System/Library/Frameworks/CoreData.framework; sourceTree = SDKROOT; };
		659388B3190C163A00CD4D1D /* SystemConfiguration.framework */ = {isa = PBXFileReference; lastKnownFileType = wrapper.framework; name = SystemConfiguration.framework; path = System/Library/Frameworks/SystemConfiguration.framework; sourceTree = SDKROOT; };
		659388B5190C164600CD4D1D /* libz.dylib */ = {isa = PBXFileReference; lastKnownFileType = "compiled.mach-o.dylib"; name = libz.dylib; path = usr/lib/libz.dylib; sourceTree = SDKROOT; };
		6598498F18EE01FB00C89A86 /* mystery-man.jpg */ = {isa = PBXFileReference; lastKnownFileType = image.jpeg; path = "mystery-man.jpg"; sourceTree = "<group>"; };
		659D28E618D7B49E001DADB7 /* Base */ = {isa = PBXFileReference; lastKnownFileType = text.plist.strings; name = Base; path = Base.lproj/Localizable.strings; sourceTree = "<group>"; };
		659D28E818D7B7EC001DADB7 /* logo_IBMorumbi_iPad.png */ = {isa = PBXFileReference; lastKnownFileType = image.png; path = logo_IBMorumbi_iPad.png; sourceTree = "<group>"; };
		659D28E918D7B7EC001DADB7 /* logo_IBMorumbi_iPhone.png */ = {isa = PBXFileReference; lastKnownFileType = image.png; path = logo_IBMorumbi_iPhone.png; sourceTree = "<group>"; };
		659D28EC18D7C5C9001DADB7 /* preview_morumbiplus_470.jpg */ = {isa = PBXFileReference; lastKnownFileType = image.jpeg; path = preview_morumbiplus_470.jpg; sourceTree = "<group>"; };
		659D28F118D7C905001DADB7 /* MediaPlayer.framework */ = {isa = PBXFileReference; lastKnownFileType = wrapper.framework; name = MediaPlayer.framework; path = System/Library/Frameworks/MediaPlayer.framework; sourceTree = SDKROOT; };
		65AB7E5318D787E8007FF707 /* IBMorumbi.app */ = {isa = PBXFileReference; explicitFileType = wrapper.application; includeInIndex = 0; path = IBMorumbi.app; sourceTree = BUILT_PRODUCTS_DIR; };
		65AB7E5618D787E8007FF707 /* Foundation.framework */ = {isa = PBXFileReference; lastKnownFileType = wrapper.framework; name = Foundation.framework; path = System/Library/Frameworks/Foundation.framework; sourceTree = SDKROOT; };
		65AB7E5818D787E8007FF707 /* CoreGraphics.framework */ = {isa = PBXFileReference; lastKnownFileType = wrapper.framework; name = CoreGraphics.framework; path = System/Library/Frameworks/CoreGraphics.framework; sourceTree = SDKROOT; };
		65AB7E5A18D787E8007FF707 /* UIKit.framework */ = {isa = PBXFileReference; lastKnownFileType = wrapper.framework; name = UIKit.framework; path = System/Library/Frameworks/UIKit.framework; sourceTree = SDKROOT; };
		65AB7E5E18D787E8007FF707 /* IBMorumbi-Info.plist */ = {isa = PBXFileReference; lastKnownFileType = text.plist.xml; path = "IBMorumbi-Info.plist"; sourceTree = "<group>"; };
		65AB7E6218D787E8007FF707 /* main.m */ = {isa = PBXFileReference; lastKnownFileType = sourcecode.c.objc; path = main.m; sourceTree = "<group>"; };
		65AB7E6418D787E8007FF707 /* IBMorumbi-Prefix.pch */ = {isa = PBXFileReference; lastKnownFileType = sourcecode.c.h; path = "IBMorumbi-Prefix.pch"; sourceTree = "<group>"; };
		65AB7E6518D787E8007FF707 /* AppDelegate.h */ = {isa = PBXFileReference; lastKnownFileType = sourcecode.c.h; path = AppDelegate.h; sourceTree = "<group>"; };
		65AB7E6618D787E9007FF707 /* AppDelegate.m */ = {isa = PBXFileReference; lastKnownFileType = sourcecode.c.objc; path = AppDelegate.m; sourceTree = "<group>"; };
		65AB7E6918D787E9007FF707 /* Base */ = {isa = PBXFileReference; lastKnownFileType = file.storyboard; name = Base; path = Base.lproj/Main_iPhone.storyboard; sourceTree = "<group>"; };
		65AB7E6C18D787E9007FF707 /* Base */ = {isa = PBXFileReference; lastKnownFileType = file.storyboard; name = Base; path = Base.lproj/Main_iPad.storyboard; sourceTree = "<group>"; };
		65AB7E7118D787E9007FF707 /* Images.xcassets */ = {isa = PBXFileReference; lastKnownFileType = folder.assetcatalog; path = Images.xcassets; sourceTree = "<group>"; };
		65AB7E7718D787E9007FF707 /* IBMorumbiTests.xctest */ = {isa = PBXFileReference; explicitFileType = wrapper.cfbundle; includeInIndex = 0; path = IBMorumbiTests.xctest; sourceTree = BUILT_PRODUCTS_DIR; };
		65AB7E7818D787E9007FF707 /* XCTest.framework */ = {isa = PBXFileReference; lastKnownFileType = wrapper.framework; name = XCTest.framework; path = Library/Frameworks/XCTest.framework; sourceTree = DEVELOPER_DIR; };
		65AB7E8018D787E9007FF707 /* IBMorumbiTests-Info.plist */ = {isa = PBXFileReference; lastKnownFileType = text.plist.xml; path = "IBMorumbiTests-Info.plist"; sourceTree = "<group>"; };
		65AB7E8418D787E9007FF707 /* IBMorumbiTests.m */ = {isa = PBXFileReference; lastKnownFileType = sourcecode.c.objc; path = IBMorumbiTests.m; sourceTree = "<group>"; };
		65AB7E8E18D78823007FF707 /* MapKit.framework */ = {isa = PBXFileReference; lastKnownFileType = wrapper.framework; name = MapKit.framework; path = System/Library/Frameworks/MapKit.framework; sourceTree = SDKROOT; };
		65AB7E9018D7882A007FF707 /* CoreLocation.framework */ = {isa = PBXFileReference; lastKnownFileType = wrapper.framework; name = CoreLocation.framework; path = System/Library/Frameworks/CoreLocation.framework; sourceTree = SDKROOT; };
		65AB7E9218D789A2007FF707 /* MapViewController.h */ = {isa = PBXFileReference; fileEncoding = 4; lastKnownFileType = sourcecode.c.h; path = MapViewController.h; sourceTree = "<group>"; };
		65AB7E9318D789A2007FF707 /* MapViewController.m */ = {isa = PBXFileReference; fileEncoding = 4; lastKnownFileType = sourcecode.c.objc; path = MapViewController.m; sourceTree = "<group>"; };
		65BA4D2718E4D553006AD658 /* andre_fontana.jpg */ = {isa = PBXFileReference; lastKnownFileType = image.jpeg; path = andre_fontana.jpg; sourceTree = "<group>"; };
		65BA4D2818E4D553006AD658 /* claudio_duarte.jpg */ = {isa = PBXFileReference; lastKnownFileType = image.jpeg; path = claudio_duarte.jpg; sourceTree = "<group>"; };
		65BA4D2918E4D553006AD658 /* Gilberto_Lisboa.jpg */ = {isa = PBXFileReference; lastKnownFileType = image.jpeg; path = Gilberto_Lisboa.jpg; sourceTree = "<group>"; };
		65BA4D2A18E4D553006AD658 /* isaque_s.jpg */ = {isa = PBXFileReference; lastKnownFileType = image.jpeg; path = isaque_s.jpg; sourceTree = "<group>"; };
		65BA4D2B18E4D553006AD658 /* l_perruci.jpg */ = {isa = PBXFileReference; lastKnownFileType = image.jpeg; path = l_perruci.jpg; sourceTree = "<group>"; };
		65BA4D2C18E4D553006AD658 /* pastor_lisanias.jpg */ = {isa = PBXFileReference; lastKnownFileType = image.jpeg; path = pastor_lisanias.jpg; sourceTree = "<group>"; };
		65BA4D2D18E4D553006AD658 /* pastor_rivanildo.jpg */ = {isa = PBXFileReference; lastKnownFileType = image.jpeg; path = pastor_rivanildo.jpg; sourceTree = "<group>"; };
		65BA4D2E18E4D553006AD658 /* samuel_mendes.jpg */ = {isa = PBXFileReference; lastKnownFileType = image.jpeg; path = samuel_mendes.jpg; sourceTree = "<group>"; };
		65D3D2CE18E2592900B87698 /* preview_mensagens_470.jpg */ = {isa = PBXFileReference; lastKnownFileType = image.jpeg; path = preview_mensagens_470.jpg; sourceTree = "<group>"; };
		65DD691F18E38169007E3D80 /* img_serie.jpg */ = {isa = PBXFileReference; lastKnownFileType = image.jpeg; path = img_serie.jpg; sourceTree = "<group>"; };
		65DD692318E387E2007E3D80 /* pause.png */ = {isa = PBXFileReference; lastKnownFileType = image.png; path = pause.png; sourceTree = "<group>"; };
		65DD692418E387E2007E3D80 /* play.png */ = {isa = PBXFileReference; lastKnownFileType = image.png; path = play.png; sourceTree = "<group>"; };
		65DD692518E387E2007E3D80 /* proximo.png */ = {isa = PBXFileReference; lastKnownFileType = image.png; path = proximo.png; sourceTree = "<group>"; };
		65DD692618E387E2007E3D80 /* stop.png */ = {isa = PBXFileReference; lastKnownFileType = image.png; path = stop.png; sourceTree = "<group>"; };
		65DD692718E387E2007E3D80 /* voltar.png */ = {isa = PBXFileReference; lastKnownFileType = image.png; path = voltar.png; sourceTree = "<group>"; };
		65DD692D18E3A80E007E3D80 /* AVFoundation.framework */ = {isa = PBXFileReference; lastKnownFileType = wrapper.framework; name = AVFoundation.framework; path = System/Library/Frameworks/AVFoundation.framework; sourceTree = SDKROOT; };
		65DD693118E3C470007E3D80 /* WebViewController.h */ = {isa = PBXFileReference; fileEncoding = 4; lastKnownFileType = sourcecode.c.h; path = WebViewController.h; sourceTree = "<group>"; };
		65DD693218E3C470007E3D80 /* WebViewController.m */ = {isa = PBXFileReference; fileEncoding = 4; lastKnownFileType = sourcecode.c.objc; path = WebViewController.m; sourceTree = "<group>"; };
/* End PBXFileReference section */

/* Begin PBXFrameworksBuildPhase section */
		65AB7E5018D787E8007FF707 /* Frameworks */ = {
			isa = PBXFrameworksBuildPhase;
			buildActionMask = 2147483647;
			files = (
				659388B6190C164600CD4D1D /* libz.dylib in Frameworks */,
				659388B4190C163A00CD4D1D /* SystemConfiguration.framework in Frameworks */,
				659388B2190C162D00CD4D1D /* CoreData.framework in Frameworks */,
				659388B0190C162100CD4D1D /* AdSupport.framework in Frameworks */,
				65BA4D2518E4CB16006AD658 /* MediaPlayer.framework in Frameworks */,
				65DD692E18E3A80E007E3D80 /* AVFoundation.framework in Frameworks */,
				65AB7E9118D7882A007FF707 /* CoreLocation.framework in Frameworks */,
				659388A7190C158400CD4D1D /* libGoogleAnalyticsServices.a in Frameworks */,
				65AB7E8F18D78823007FF707 /* MapKit.framework in Frameworks */,
				65AB7E5918D787E8007FF707 /* CoreGraphics.framework in Frameworks */,
				65AB7E5B18D787E8007FF707 /* UIKit.framework in Frameworks */,
				65AB7E5718D787E8007FF707 /* Foundation.framework in Frameworks */,
			);
			runOnlyForDeploymentPostprocessing = 0;
		};
		65AB7E7418D787E9007FF707 /* Frameworks */ = {
			isa = PBXFrameworksBuildPhase;
			buildActionMask = 2147483647;
			files = (
				65AB7E7918D787E9007FF707 /* XCTest.framework in Frameworks */,
				65AB7E7B18D787E9007FF707 /* UIKit.framework in Frameworks */,
				65AB7E7A18D787E9007FF707 /* Foundation.framework in Frameworks */,
			);
			runOnlyForDeploymentPostprocessing = 0;
		};
/* End PBXFrameworksBuildPhase section */

/* Begin PBXGroup section */
		6568BA0718E8613200C216C2 /* logos */ = {
			isa = PBXGroup;
			children = (
				6568BA0C18E8655A00C216C2 /* twitter.png */,
				6568BA0A18E8616700C216C2 /* facebook.png */,
			);
			name = logos;
			sourceTree = "<group>";
		};
		659388AE190C15E900CD4D1D /* Google Analytics SDK */ = {
			isa = PBXGroup;
			children = (
				659388A8190C15CC00CD4D1D /* GAI.h */,
				659388A9190C15CC00CD4D1D /* GAIDictionaryBuilder.h */,
				659388AA190C15CC00CD4D1D /* GAIFields.h */,
				659388AB190C15CC00CD4D1D /* GAILogger.h */,
				659388AC190C15CC00CD4D1D /* GAITrackedViewController.h */,
				659388AD190C15CC00CD4D1D /* GAITracker.h */,
				659388A6190C158400CD4D1D /* libGoogleAnalyticsServices.a */,
			);
			name = "Google Analytics SDK";
			sourceTree = "<group>";
		};
		659D28E718D7B7D0001DADB7 /* images */ = {
			isa = PBXGroup;
			children = (
				65DD691F18E38169007E3D80 /* img_serie.jpg */,
				6552136D18E3725000924CB0 /* bck_topo.gif */,
				6552136618E35D3000924CB0 /* message_logo.gif */,
				65D3D2CE18E2592900B87698 /* preview_mensagens_470.jpg */,
				659D28EC18D7C5C9001DADB7 /* preview_morumbiplus_470.jpg */,
				659D28E818D7B7EC001DADB7 /* logo_IBMorumbi_iPad.png */,
				659D28E918D7B7EC001DADB7 /* logo_IBMorumbi_iPhone.png */,
			);
			name = images;
			sourceTree = "<group>";
		};
		65AB7E4A18D787E8007FF707 = {
			isa = PBXGroup;
			children = (
				65AB7E5C18D787E8007FF707 /* IBMorumbi */,
				65AB7E7E18D787E9007FF707 /* IBMorumbiTests */,
				65AB7E5518D787E8007FF707 /* Frameworks */,
				65AB7E5418D787E8007FF707 /* Products */,
			);
			sourceTree = "<group>";
		};
		65AB7E5418D787E8007FF707 /* Products */ = {
			isa = PBXGroup;
			children = (
				65AB7E5318D787E8007FF707 /* IBMorumbi.app */,
				65AB7E7718D787E9007FF707 /* IBMorumbiTests.xctest */,
			);
			name = Products;
			sourceTree = "<group>";
		};
		65AB7E5518D787E8007FF707 /* Frameworks */ = {
			isa = PBXGroup;
			children = (
				659388B5190C164600CD4D1D /* libz.dylib */,
				659388B3190C163A00CD4D1D /* SystemConfiguration.framework */,
				659388B1190C162D00CD4D1D /* CoreData.framework */,
				659388AF190C162100CD4D1D /* AdSupport.framework */,
				65DD692D18E3A80E007E3D80 /* AVFoundation.framework */,
				659D28F118D7C905001DADB7 /* MediaPlayer.framework */,
				65AB7E9018D7882A007FF707 /* CoreLocation.framework */,
				65AB7E8E18D78823007FF707 /* MapKit.framework */,
				65AB7E5618D787E8007FF707 /* Foundation.framework */,
				65AB7E5818D787E8007FF707 /* CoreGraphics.framework */,
				65AB7E5A18D787E8007FF707 /* UIKit.framework */,
				65AB7E7818D787E9007FF707 /* XCTest.framework */,
			);
			name = Frameworks;
			sourceTree = "<group>";
		};
		65AB7E5C18D787E8007FF707 /* IBMorumbi */ = {
			isa = PBXGroup;
			children = (
				659388AE190C15E900CD4D1D /* Google Analytics SDK */,
				65BA4D2618E4D553006AD658 /* pastores */,
				65DD692118E387C5007E3D80 /* icons */,
				659D28E718D7B7D0001DADB7 /* images */,
				65AB7E6518D787E8007FF707 /* AppDelegate.h */,
				65AB7E6618D787E9007FF707 /* AppDelegate.m */,
				65AB7E6818D787E9007FF707 /* Main_iPhone.storyboard */,
				65AB7E6B18D787E9007FF707 /* Main_iPad.storyboard */,
				6587B94218E74BE600F04FB4 /* AboutViewController.h */,
				6587B94318E74BE600F04FB4 /* AboutViewController.m */,
				655159C918E4E8760086CCF7 /* BoletimViewController.h */,
				655159CA18E4E8760086CCF7 /* BoletimViewController.m */,
				65AB7E9218D789A2007FF707 /* MapViewController.h */,
				65AB7E9318D789A2007FF707 /* MapViewController.m */,
				6552136318E346C400924CB0 /* MessageAudioPlayerViewController.h */,
				6552136418E346C400924CB0 /* MessageAudioPlayerViewController.m */,
				6552135718E3458100924CB0 /* MessageTableViewController.h */,
				6552135818E3458100924CB0 /* MessageTableViewController.m */,
				6552135D18E345D100924CB0 /* MessageVideoPlayerViewController.h */,
				6552135E18E345D100924CB0 /* MessageVideoPlayerViewController.m */,
				65DD693118E3C470007E3D80 /* WebViewController.h */,
				65DD693218E3C470007E3D80 /* WebViewController.m */,
				65AB7E7118D787E9007FF707 /* Images.xcassets */,
				65AB7E5D18D787E8007FF707 /* Supporting Files */,
			);
			path = IBMorumbi;
			sourceTree = "<group>";
		};
		65AB7E5D18D787E8007FF707 /* Supporting Files */ = {
			isa = PBXGroup;
			children = (
				659D28E518D7B48F001DADB7 /* Localizable.strings */,
				65AB7E5E18D787E8007FF707 /* IBMorumbi-Info.plist */,
				65AB7E6218D787E8007FF707 /* main.m */,
				65AB7E6418D787E8007FF707 /* IBMorumbi-Prefix.pch */,
			);
			name = "Supporting Files";
			sourceTree = "<group>";
		};
		65AB7E7E18D787E9007FF707 /* IBMorumbiTests */ = {
			isa = PBXGroup;
			children = (
				65AB7E8418D787E9007FF707 /* IBMorumbiTests.m */,
				65AB7E7F18D787E9007FF707 /* Supporting Files */,
			);
			path = IBMorumbiTests;
			sourceTree = "<group>";
		};
		65AB7E7F18D787E9007FF707 /* Supporting Files */ = {
			isa = PBXGroup;
			children = (
				65AB7E8018D787E9007FF707 /* IBMorumbiTests-Info.plist */,
			);
			name = "Supporting Files";
			sourceTree = "<group>";
		};
		65BA4D2618E4D553006AD658 /* pastores */ = {
			isa = PBXGroup;
			children = (
				650D29F018F5D48B00137FBC /* ibmorumbi.jpg */,
				6598498F18EE01FB00C89A86 /* mystery-man.jpg */,
				65BA4D2718E4D553006AD658 /* andre_fontana.jpg */,
				65BA4D2818E4D553006AD658 /* claudio_duarte.jpg */,
				65BA4D2918E4D553006AD658 /* Gilberto_Lisboa.jpg */,
				65BA4D2A18E4D553006AD658 /* isaque_s.jpg */,
				65BA4D2B18E4D553006AD658 /* l_perruci.jpg */,
				65BA4D2C18E4D553006AD658 /* pastor_lisanias.jpg */,
				65BA4D2D18E4D553006AD658 /* pastor_rivanildo.jpg */,
				65BA4D2E18E4D553006AD658 /* samuel_mendes.jpg */,
			);
			path = pastores;
			sourceTree = "<group>";
		};
		65DD692118E387C5007E3D80 /* icons */ = {
			isa = PBXGroup;
			children = (
				6568BA0718E8613200C216C2 /* logos */,
				655159CC18E4F41B0086CCF7 /* icon_pdf.png */,
				65DD692218E387E2007E3D80 /* botoes_player */,
			);
			name = icons;
			sourceTree = "<group>";
		};
		65DD692218E387E2007E3D80 /* botoes_player */ = {
			isa = PBXGroup;
			children = (
				65DD692318E387E2007E3D80 /* pause.png */,
				65DD692418E387E2007E3D80 /* play.png */,
				65DD692518E387E2007E3D80 /* proximo.png */,
				65DD692618E387E2007E3D80 /* stop.png */,
				65DD692718E387E2007E3D80 /* voltar.png */,
			);
			path = botoes_player;
			sourceTree = "<group>";
		};
/* End PBXGroup section */

/* Begin PBXNativeTarget section */
		65AB7E5218D787E8007FF707 /* IBMorumbi */ = {
			isa = PBXNativeTarget;
			buildConfigurationList = 65AB7E8818D787E9007FF707 /* Build configuration list for PBXNativeTarget "IBMorumbi" */;
			buildPhases = (
				65AB7E4F18D787E8007FF707 /* Sources */,
				65AB7E5018D787E8007FF707 /* Frameworks */,
				65AB7E5118D787E8007FF707 /* Resources */,
			);
			buildRules = (
			);
			dependencies = (
			);
			name = IBMorumbi;
			productName = IBMorumbi;
			productReference = 65AB7E5318D787E8007FF707 /* IBMorumbi.app */;
			productType = "com.apple.product-type.application";
		};
		65AB7E7618D787E9007FF707 /* IBMorumbiTests */ = {
			isa = PBXNativeTarget;
			buildConfigurationList = 65AB7E8B18D787E9007FF707 /* Build configuration list for PBXNativeTarget "IBMorumbiTests" */;
			buildPhases = (
				65AB7E7318D787E9007FF707 /* Sources */,
				65AB7E7418D787E9007FF707 /* Frameworks */,
				65AB7E7518D787E9007FF707 /* Resources */,
			);
			buildRules = (
			);
			dependencies = (
				65AB7E7D18D787E9007FF707 /* PBXTargetDependency */,
			);
			name = IBMorumbiTests;
			productName = IBMorumbiTests;
			productReference = 65AB7E7718D787E9007FF707 /* IBMorumbiTests.xctest */;
			productType = "com.apple.product-type.bundle.unit-test";
		};
/* End PBXNativeTarget section */

/* Begin PBXProject section */
		65AB7E4B18D787E8007FF707 /* Project object */ = {
			isa = PBXProject;
			attributes = {
				LastUpgradeCheck = 0510;
				ORGANIZATIONNAME = "ProgDan Software";
				TargetAttributes = {
					65AB7E5218D787E8007FF707 = {
						DevelopmentTeam = 3PSB9V93UY;
					};
					65AB7E7618D787E9007FF707 = {
						TestTargetID = 65AB7E5218D787E8007FF707;
					};
				};
			};
			buildConfigurationList = 65AB7E4E18D787E8007FF707 /* Build configuration list for PBXProject "IBMorumbi" */;
			compatibilityVersion = "Xcode 3.2";
			developmentRegion = English;
			hasScannedForEncodings = 0;
			knownRegions = (
				en,
				Base,
				"pt-BR",
				pt,
			);
			mainGroup = 65AB7E4A18D787E8007FF707;
			productRefGroup = 65AB7E5418D787E8007FF707 /* Products */;
			projectDirPath = "";
			projectRoot = "";
			targets = (
				65AB7E5218D787E8007FF707 /* IBMorumbi */,
				65AB7E7618D787E9007FF707 /* IBMorumbiTests */,
			);
		};
/* End PBXProject section */

/* Begin PBXResourcesBuildPhase section */
		65AB7E5118D787E8007FF707 /* Resources */ = {
			isa = PBXResourcesBuildPhase;
			buildActionMask = 2147483647;
			files = (
				659D28E318D7B48F001DADB7 /* Localizable.strings in Resources */,
				655159CD18E4F41B0086CCF7 /* icon_pdf.png in Resources */,
				65DD692918E387E2007E3D80 /* play.png in Resources */,
				6568BA0B18E8616700C216C2 /* facebook.png in Resources */,
				6598499018EE01FB00C89A86 /* mystery-man.jpg in Resources */,
				6552136718E35D3000924CB0 /* message_logo.gif in Resources */,
				65DD692818E387E2007E3D80 /* pause.png in Resources */,
				65BA4D3018E4D553006AD658 /* claudio_duarte.jpg in Resources */,
				65BA4D3218E4D553006AD658 /* isaque_s.jpg in Resources */,
				659D28EB18D7B7EC001DADB7 /* logo_IBMorumbi_iPhone.png in Resources */,
				650D29F118F5D48B00137FBC /* ibmorumbi.jpg in Resources */,
				65BA4D3418E4D553006AD658 /* pastor_lisanias.jpg in Resources */,
				659D28ED18D7C5C9001DADB7 /* preview_morumbiplus_470.jpg in Resources */,
				659D28EA18D7B7EC001DADB7 /* logo_IBMorumbi_iPad.png in Resources */,
				65BA4D3118E4D553006AD658 /* Gilberto_Lisboa.jpg in Resources */,
				65BA4D3318E4D553006AD658 /* l_perruci.jpg in Resources */,
				65DD692018E38169007E3D80 /* img_serie.jpg in Resources */,
				6552136E18E3725000924CB0 /* bck_topo.gif in Resources */,
				65AB7E6D18D787E9007FF707 /* Main_iPad.storyboard in Resources */,
				65DD692B18E387E2007E3D80 /* stop.png in Resources */,
				65DD692A18E387E2007E3D80 /* proximo.png in Resources */,
				65AB7E7218D787E9007FF707 /* Images.xcassets in Resources */,
				65BA4D3518E4D553006AD658 /* pastor_rivanildo.jpg in Resources */,
				65D3D2CF18E2592900B87698 /* preview_mensagens_470.jpg in Resources */,
				65AB7E6A18D787E9007FF707 /* Main_iPhone.storyboard in Resources */,
				65BA4D2F18E4D553006AD658 /* andre_fontana.jpg in Resources */,
				65DD692C18E387E2007E3D80 /* voltar.png in Resources */,
				6568BA0D18E8655A00C216C2 /* twitter.png in Resources */,
				65BA4D3618E4D553006AD658 /* samuel_mendes.jpg in Resources */,
			);
			runOnlyForDeploymentPostprocessing = 0;
		};
		65AB7E7518D787E9007FF707 /* Resources */ = {
			isa = PBXResourcesBuildPhase;
			buildActionMask = 2147483647;
			files = (
			);
			runOnlyForDeploymentPostprocessing = 0;
		};
/* End PBXResourcesBuildPhase section */

/* Begin PBXSourcesBuildPhase section */
		65AB7E4F18D787E8007FF707 /* Sources */ = {
			isa = PBXSourcesBuildPhase;
			buildActionMask = 2147483647;
			files = (
				6587B94418E74BE600F04FB4 /* AboutViewController.m in Sources */,
				6552135918E3458100924CB0 /* MessageTableViewController.m in Sources */,
				65AB7E6718D787E9007FF707 /* AppDelegate.m in Sources */,
				65DD693318E3C470007E3D80 /* WebViewController.m in Sources */,
				6552135F18E345D100924CB0 /* MessageVideoPlayerViewController.m in Sources */,
				65AB7E6318D787E8007FF707 /* main.m in Sources */,
				655159CB18E4E8760086CCF7 /* BoletimViewController.m in Sources */,
				65AB7E9418D789A2007FF707 /* MapViewController.m in Sources */,
				6552136518E346C400924CB0 /* MessageAudioPlayerViewController.m in Sources */,
			);
			runOnlyForDeploymentPostprocessing = 0;
		};
		65AB7E7318D787E9007FF707 /* Sources */ = {
			isa = PBXSourcesBuildPhase;
			buildActionMask = 2147483647;
			files = (
				65AB7E8518D787E9007FF707 /* IBMorumbiTests.m in Sources */,
			);
			runOnlyForDeploymentPostprocessing = 0;
		};
/* End PBXSourcesBuildPhase section */

/* Begin PBXTargetDependency section */
		65AB7E7D18D787E9007FF707 /* PBXTargetDependency */ = {
			isa = PBXTargetDependency;
			target = 65AB7E5218D787E8007FF707 /* IBMorumbi */;
			targetProxy = 65AB7E7C18D787E9007FF707 /* PBXContainerItemProxy */;
		};
/* End PBXTargetDependency section */

/* Begin PBXVariantGroup section */
		659D28E518D7B48F001DADB7 /* Localizable.strings */ = {
			isa = PBXVariantGroup;
			children = (
				659D28E618D7B49E001DADB7 /* Base */,
				6570432C190C1DF4003C8FF7 /* en */,
				6570432F190C2B2B003C8FF7 /* pt-BR */,
				65704332190C2B71003C8FF7 /* pt */,
			);
			name = Localizable.strings;
			sourceTree = "<group>";
		};
		65AB7E6818D787E9007FF707 /* Main_iPhone.storyboard */ = {
			isa = PBXVariantGroup;
			children = (
				65AB7E6918D787E9007FF707 /* Base */,
				6570432A190C1DF4003C8FF7 /* en */,
				6570432D190C2B2B003C8FF7 /* pt-BR */,
				65704330190C2B71003C8FF7 /* pt */,
			);
			name = Main_iPhone.storyboard;
			sourceTree = "<group>";
		};
		65AB7E6B18D787E9007FF707 /* Main_iPad.storyboard */ = {
			isa = PBXVariantGroup;
			children = (
				65AB7E6C18D787E9007FF707 /* Base */,
				6570432B190C1DF4003C8FF7 /* en */,
				6570432E190C2B2B003C8FF7 /* pt-BR */,
				65704331190C2B71003C8FF7 /* pt */,
			);
			name = Main_iPad.storyboard;
			sourceTree = "<group>";
		};
/* End PBXVariantGroup section */

/* Begin XCBuildConfiguration section */
		65AB7E8618D787E9007FF707 /* Debug */ = {
			isa = XCBuildConfiguration;
			buildSettings = {
				ALWAYS_SEARCH_USER_PATHS = NO;
				CLANG_CXX_LANGUAGE_STANDARD = "gnu++0x";
				CLANG_CXX_LIBRARY = "libc++";
				CLANG_ENABLE_MODULES = YES;
				CLANG_ENABLE_OBJC_ARC = YES;
				CLANG_WARN_BOOL_CONVERSION = YES;
				CLANG_WARN_CONSTANT_CONVERSION = YES;
				CLANG_WARN_DIRECT_OBJC_ISA_USAGE = YES_ERROR;
				CLANG_WARN_EMPTY_BODY = YES;
				CLANG_WARN_ENUM_CONVERSION = YES;
				CLANG_WARN_INT_CONVERSION = YES;
				CLANG_WARN_OBJC_ROOT_CLASS = YES_ERROR;
				CLANG_WARN__DUPLICATE_METHOD_MATCH = YES;
				"CODE_SIGN_IDENTITY[sdk=iphoneos*]" = "iPhone Developer";
				COPY_PHASE_STRIP = NO;
				GCC_C_LANGUAGE_STANDARD = gnu99;
				GCC_DYNAMIC_NO_PIC = NO;
				GCC_OPTIMIZATION_LEVEL = 0;
				GCC_PREPROCESSOR_DEFINITIONS = (
					"DEBUG=1",
					"$(inherited)",
				);
				GCC_SYMBOLS_PRIVATE_EXTERN = NO;
				GCC_WARN_64_TO_32_BIT_CONVERSION = YES;
				GCC_WARN_ABOUT_RETURN_TYPE = YES_ERROR;
				GCC_WARN_UNDECLARED_SELECTOR = YES;
				GCC_WARN_UNINITIALIZED_AUTOS = YES_AGGRESSIVE;
				GCC_WARN_UNUSED_FUNCTION = YES;
				GCC_WARN_UNUSED_VARIABLE = YES;
				IPHONEOS_DEPLOYMENT_TARGET = 7.1;
				ONLY_ACTIVE_ARCH = YES;
				SDKROOT = iphoneos;
				TARGETED_DEVICE_FAMILY = "1,2";
			};
			name = Debug;
		};
		65AB7E8718D787E9007FF707 /* Release */ = {
			isa = XCBuildConfiguration;
			buildSettings = {
				ALWAYS_SEARCH_USER_PATHS = NO;
				CLANG_CXX_LANGUAGE_STANDARD = "gnu++0x";
				CLANG_CXX_LIBRARY = "libc++";
				CLANG_ENABLE_MODULES = YES;
				CLANG_ENABLE_OBJC_ARC = YES;
				CLANG_WARN_BOOL_CONVERSION = YES;
				CLANG_WARN_CONSTANT_CONVERSION = YES;
				CLANG_WARN_DIRECT_OBJC_ISA_USAGE = YES_ERROR;
				CLANG_WARN_EMPTY_BODY = YES;
				CLANG_WARN_ENUM_CONVERSION = YES;
				CLANG_WARN_INT_CONVERSION = YES;
				CLANG_WARN_OBJC_ROOT_CLASS = YES_ERROR;
				CLANG_WARN__DUPLICATE_METHOD_MATCH = YES;
				"CODE_SIGN_IDENTITY[sdk=iphoneos*]" = "iPhone Developer";
				COPY_PHASE_STRIP = YES;
				ENABLE_NS_ASSERTIONS = NO;
				GCC_C_LANGUAGE_STANDARD = gnu99;
				GCC_WARN_64_TO_32_BIT_CONVERSION = YES;
				GCC_WARN_ABOUT_RETURN_TYPE = YES_ERROR;
				GCC_WARN_UNDECLARED_SELECTOR = YES;
				GCC_WARN_UNINITIALIZED_AUTOS = YES_AGGRESSIVE;
				GCC_WARN_UNUSED_FUNCTION = YES;
				GCC_WARN_UNUSED_VARIABLE = YES;
				IPHONEOS_DEPLOYMENT_TARGET = 7.1;
				SDKROOT = iphoneos;
				TARGETED_DEVICE_FAMILY = "1,2";
				VALIDATE_PRODUCT = YES;
			};
			name = Release;
		};
		65AB7E8918D787E9007FF707 /* Debug */ = {
			isa = XCBuildConfiguration;
			buildSettings = {
				ASSETCATALOG_COMPILER_APPICON_NAME = AppIcon;
				ASSETCATALOG_COMPILER_LAUNCHIMAGE_NAME = LaunchImage;
				CODE_SIGN_IDENTITY = "iPhone Developer: Daniel Alves (HDWCFAFUKQ)";
				"CODE_SIGN_IDENTITY[sdk=iphoneos*]" = "iPhone Developer: Daniel Alves (HDWCFAFUKQ)";
				GCC_PRECOMPILE_PREFIX_HEADER = YES;
				GCC_PREFIX_HEADER = "IBMorumbi/IBMorumbi-Prefix.pch";
				INFOPLIST_FILE = "IBMorumbi/IBMorumbi-Info.plist";
				IPHONEOS_DEPLOYMENT_TARGET = 6.1;
				LIBRARY_SEARCH_PATHS = (
					"$(inherited)",
					"$(PROJECT_DIR)/IBMorumbi",
				);
				ONLY_ACTIVE_ARCH = YES;
				PRODUCT_NAME = "$(TARGET_NAME)";
				PROVISIONING_PROFILE = "914226F6-63EA-4CB0-B783-A8D9E1936EBB";
				VALIDATE_PRODUCT = YES;
				WRAPPER_EXTENSION = app;
			};
			name = Debug;
		};
		65AB7E8A18D787E9007FF707 /* Release */ = {
			isa = XCBuildConfiguration;
			buildSettings = {
				ASSETCATALOG_COMPILER_APPICON_NAME = AppIcon;
				ASSETCATALOG_COMPILER_LAUNCHIMAGE_NAME = LaunchImage;
				CODE_SIGN_IDENTITY = "iPhone Distribution: Daniel Alves (3PSB9V93UY)";
				"CODE_SIGN_IDENTITY[sdk=iphoneos*]" = "iPhone Distribution: Daniel Alves (3PSB9V93UY)";
				GCC_PRECOMPILE_PREFIX_HEADER = YES;
				GCC_PREFIX_HEADER = "IBMorumbi/IBMorumbi-Prefix.pch";
				INFOPLIST_FILE = "IBMorumbi/IBMorumbi-Info.plist";
				IPHONEOS_DEPLOYMENT_TARGET = 6.1;
				LIBRARY_SEARCH_PATHS = (
					"$(inherited)",
					"$(PROJECT_DIR)/IBMorumbi",
				);
				ONLY_ACTIVE_ARCH = NO;
				PRODUCT_NAME = "$(TARGET_NAME)";
				PROVISIONING_PROFILE = "9A803E53-B572-4C22-8067-0D9F731EDAF5";
				VALIDATE_PRODUCT = YES;
				WRAPPER_EXTENSION = app;
			};
			name = Release;
		};
		65AB7E8C18D787E9007FF707 /* Debug */ = {
			isa = XCBuildConfiguration;
			buildSettings = {
				BUNDLE_LOADER = "$(BUILT_PRODUCTS_DIR)/IBMorumbi.app/IBMorumbi";
				FRAMEWORK_SEARCH_PATHS = (
					"$(SDKROOT)/Developer/Library/Frameworks",
					"$(inherited)",
					"$(DEVELOPER_FRAMEWORKS_DIR)",
				);
				GCC_PRECOMPILE_PREFIX_HEADER = YES;
				GCC_PREFIX_HEADER = "IBMorumbi/IBMorumbi-Prefix.pch";
				GCC_PREPROCESSOR_DEFINITIONS = (
					"DEBUG=1",
					"$(inherited)",
				);
				INFOPLIST_FILE = "IBMorumbiTests/IBMorumbiTests-Info.plist";
				PRODUCT_NAME = "$(TARGET_NAME)";
				TEST_HOST = "$(BUNDLE_LOADER)";
				WRAPPER_EXTENSION = xctest;
			};
			name = Debug;
		};
		65AB7E8D18D787E9007FF707 /* Release */ = {
			isa = XCBuildConfiguration;
			buildSettings = {
				BUNDLE_LOADER = "$(BUILT_PRODUCTS_DIR)/IBMorumbi.app/IBMorumbi";
				FRAMEWORK_SEARCH_PATHS = (
					"$(SDKROOT)/Developer/Library/Frameworks",
					"$(inherited)",
					"$(DEVELOPER_FRAMEWORKS_DIR)",
				);
				GCC_PRECOMPILE_PREFIX_HEADER = YES;
				GCC_PREFIX_HEADER = "IBMorumbi/IBMorumbi-Prefix.pch";
				INFOPLIST_FILE = "IBMorumbiTests/IBMorumbiTests-Info.plist";
				PRODUCT_NAME = "$(TARGET_NAME)";
				TEST_HOST = "$(BUNDLE_LOADER)";
				WRAPPER_EXTENSION = xctest;
			};
			name = Release;
		};
/* End XCBuildConfiguration section */

/* Begin XCConfigurationList section */
		65AB7E4E18D787E8007FF707 /* Build configuration list for PBXProject "IBMorumbi" */ = {
			isa = XCConfigurationList;
			buildConfigurations = (
				65AB7E8618D787E9007FF707 /* Debug */,
				65AB7E8718D787E9007FF707 /* Release */,
			);
			defaultConfigurationIsVisible = 0;
			defaultConfigurationName = Release;
		};
		65AB7E8818D787E9007FF707 /* Build configuration list for PBXNativeTarget "IBMorumbi" */ = {
			isa = XCConfigurationList;
			buildConfigurations = (
				65AB7E8918D787E9007FF707 /* Debug */,
				65AB7E8A18D787E9007FF707 /* Release */,
			);
			defaultConfigurationIsVisible = 0;
			defaultConfigurationName = Release;
		};
		65AB7E8B18D787E9007FF707 /* Build configuration list for PBXNativeTarget "IBMorumbiTests" */ = {
			isa = XCConfigurationList;
			buildConfigurations = (
				65AB7E8C18D787E9007FF707 /* Debug */,
				65AB7E8D18D787E9007FF707 /* Release */,
			);
			defaultConfigurationIsVisible = 0;
			defaultConfigurationName = Release;
		};
/* End XCConfigurationList section */
	};
	rootObject = 65AB7E4B18D787E8007FF707 /* Project object */;
}
